
Microsoft Visual Studio Solution File, Format Version 11.00
# Visual Studio 2010
Project("{FAE04EC0-301F-11D3-BF4B-00C04F79EFBC}") = "Minesweeper", "Minesweeper.csproj", "{C85310A9-A950-472E-9EB3-06BEE97FB974}"
EndProject
Global
	GlobalSection(SolutionConfigurationPlatforms) = preSolution
		Debug|iPhoneSimulator = Debug|iPhoneSimulator
		Release|iPhoneSimulator = Release|iPhoneSimulator
		Debug|iPhone = Debug|iPhone
		Release|iPhone = Release|iPhone
		Ad-Hoc|iPhone = Ad-Hoc|iPhone
		AppStore|iPhone = AppStore|iPhone
	EndGlobalSection
	GlobalSection(ProjectConfigurationPlatforms) = postSolution
		{C85310A9-A950-472E-9EB3-06BEE97FB974}.Ad-Hoc|iPhone.ActiveCfg = Ad-Hoc|iPhone
		{C85310A9-A950-472E-9EB3-06BEE97FB974}.Ad-Hoc|iPhone.Build.0 = Ad-Hoc|iPhone
		{C85310A9-A950-472E-9EB3-06BEE97FB974}.AppStore|iPhone.ActiveCfg = AppStore|iPhone
		{C85310A9-A950-472E-9EB3-06BEE97FB974}.AppStore|iPhone.Build.0 = AppStore|iPhone
		{C85310A9-A950-472E-9EB3-06BEE97FB974}.Debug|iPhone.ActiveCfg = Debug|iPhone
		{C85310A9-A950-472E-9EB3-06BEE97FB974}.Debug|iPhone.Build.0 = Debug|iPhone
		{C85310A9-A950-472E-9EB3-06BEE97FB974}.Debug|iPhoneSimulator.ActiveCfg = Debug|iPhoneSimulator
		{C85310A9-A950-472E-9EB3-06BEE97FB974}.Debug|iPhoneSimulator.Build.0 = Debug|iPhoneSimulator
		{C85310A9-A950-472E-9EB3-06BEE97FB974}.Release|iPhone.ActiveCfg = Release|iPhone
		{C85310A9-A950-472E-9EB3-06BEE97FB974}.Release|iPhone.Build.0 = Release|iPhone
		{C85310A9-A950-472E-9EB3-06BEE97FB974}.Release|iPhoneSimulator.ActiveCfg = Release|iPhoneSimulator
		{C85310A9-A950-472E-9EB3-06BEE97FB974}.Release|iPhoneSimulator.Build.0 = Release|iPhoneSimulator
	EndGlobalSection
	GlobalSection(MonoDevelopProperties) = preSolution
		StartupItem = Minesweeper.csproj
	EndGlobalSection
EndGlobal
